
Microsoft Visual Studio Solution File, Format Version 12.00
# Visual Studio Version 16
VisualStudioVersion = 16.0.31402.337
MinimumVisualStudioVersion = 10.0.40219.1
Project("{FAE04EC0-301F-11D3-BF4B-00C04F79EFBC}") = "condicaoDeExcistenciaDeTriagulos", "condicaoDeExcistenciaDeTriagulos\condicaoDeExcistenciaDeTriagulos.csproj", "{28A68793-F593-4068-9AFD-D38C6F1EC718}"
EndProject
Global
	GlobalSection(SolutionConfigurationPlatforms) = preSolution
		Debug|Any CPU = Debug|Any CPU
		Release|Any CPU = Release|Any CPU
	EndGlobalSection
	GlobalSection(ProjectConfigurationPlatforms) = postSolution
		{28A68793-F593-4068-9AFD-D38C6F1EC718}.Debug|Any CPU.ActiveCfg = Debug|Any CPU
		{28A68793-F593-4068-9AFD-D38C6F1EC718}.Debug|Any CPU.Build.0 = Debug|Any CPU
		{28A68793-F593-4068-9AFD-D38C6F1EC718}.Release|Any CPU.ActiveCfg = Release|Any CPU
		{28A68793-F593-4068-9AFD-D38C6F1EC718}.Release|Any CPU.Build.0 = Release|Any CPU
	EndGlobalSection
	GlobalSection(SolutionProperties) = preSolution
		HideSolutionNode = FALSE
	EndGlobalSection
	GlobalSection(ExtensibilityGlobals) = postSolution
		SolutionGuid = {2CA42AFE-EC99-4898-98CF-DAA6DCFA54DA}
	EndGlobalSection
EndGlobal
